
Microsoft Visual Studio Solution File, Format Version 12.00
# Visual Studio Version 17
VisualStudioVersion = 17.11.35312.102
MinimumVisualStudioVersion = 10.0.40219.1
Project("{FAE04EC0-301F-11D3-BF4B-00C04F79EFBC}") = "CollabTasks 2.0", "CollabTasks 2.0.csproj", "{A9F66E73-8F56-497B-916F-2A4754E77B6A}"
EndProject
Global
	GlobalSection(SolutionConfigurationPlatforms) = preSolution
		Debug|Any CPU = Debug|Any CPU
		Release|Any CPU = Release|Any CPU
	EndGlobalSection
	GlobalSection(ProjectConfigurationPlatforms) = postSolution
		{A9F66E73-8F56-497B-916F-2A4754E77B6A}.Debug|Any CPU.ActiveCfg = Debug|Any CPU
		{A9F66E73-8F56-497B-916F-2A4754E77B6A}.Debug|Any CPU.Build.0 = Debug|Any CPU
		{A9F66E73-8F56-497B-916F-2A4754E77B6A}.Release|Any CPU.ActiveCfg = Release|Any CPU
		{A9F66E73-8F56-497B-916F-2A4754E77B6A}.Release|Any CPU.Build.0 = Release|Any CPU
	EndGlobalSection
	GlobalSection(SolutionProperties) = preSolution
		HideSolutionNode = FALSE
	EndGlobalSection
	GlobalSection(ExtensibilityGlobals) = postSolution
		SolutionGuid = {35891EBD-3C35-4363-B766-D59BA9D5FC67}
	EndGlobalSection
EndGlobal
